
Microsoft Visual Studio Solution File, Format Version 12.00
# Visual Studio 2012
Project("{FAE04EC0-301F-11D3-BF4B-00C04F79EFBC}") = "TeamSauce", "TeamSauce\TeamSauce.csproj", "{00EF9D28-87B0-427B-AAA0-CA38238EDC09}"
EndProject
Project("{FAE04EC0-301F-11D3-BF4B-00C04F79EFBC}") = "TeamSauce.Test", "TeamSauce.Test\TeamSauce.Test.csproj", "{64ABD97D-6388-4FF1-8B61-D9E77839743F}"
EndProject
Project("{2150E333-8FDC-42A3-9474-1A3956D46DE8}") = ".nuget", ".nuget", "{8B7F73A3-9FD1-4CCD-AF68-FC1DFA742BC9}"
	ProjectSection(SolutionItems) = preProject
		.nuget\packages.config = .nuget\packages.config
	EndProjectSection
EndProject
Global
	GlobalSection(SolutionConfigurationPlatforms) = preSolution
		Debug|Any CPU = Debug|Any CPU
		Release|Any CPU = Release|Any CPU
	EndGlobalSection
	GlobalSection(ProjectConfigurationPlatforms) = postSolution
		{00EF9D28-87B0-427B-AAA0-CA38238EDC09}.Debug|Any CPU.ActiveCfg = Debug|Any CPU
		{00EF9D28-87B0-427B-AAA0-CA38238EDC09}.Debug|Any CPU.Build.0 = Debug|Any CPU
		{00EF9D28-87B0-427B-AAA0-CA38238EDC09}.Release|Any CPU.ActiveCfg = Release|Any CPU
		{00EF9D28-87B0-427B-AAA0-CA38238EDC09}.Release|Any CPU.Build.0 = Release|Any CPU
		{64ABD97D-6388-4FF1-8B61-D9E77839743F}.Debug|Any CPU.ActiveCfg = Debug|Any CPU
		{64ABD97D-6388-4FF1-8B61-D9E77839743F}.Debug|Any CPU.Build.0 = Debug|Any CPU
		{64ABD97D-6388-4FF1-8B61-D9E77839743F}.Release|Any CPU.ActiveCfg = Release|Any CPU
		{64ABD97D-6388-4FF1-8B61-D9E77839743F}.Release|Any CPU.Build.0 = Release|Any CPU
	EndGlobalSection
	GlobalSection(SolutionProperties) = preSolution
		HideSolutionNode = FALSE
	EndGlobalSection
EndGlobal
